
Microsoft Visual Studio Solution File, Format Version 12.00
# Visual Studio Version 17
VisualStudioVersion = 17.0.32014.148
MinimumVisualStudioVersion = 10.0.40219.1
Project("{9A19103F-16F7-4668-BE54-9A1E7A4F7556}") = "stockAnalyzer.Core", "stockAnalyzer.Core\stockAnalyzer.Core.csproj", "{CDFF803D-79DB-4A1B-BD0C-506F764E59E7}"
EndProject
Project("{9A19103F-16F7-4668-BE54-9A1E7A4F7556}") = "stockAnalyzer.Windowss", "stockAnalyzer.Windowss\stockAnalyzer.Windowss.csproj", "{4AEAF6D0-E1D1-4957-BFEF-F9A4E0C580CA}"
EndProject
Project("{FAE04EC0-301F-11D3-BF4B-00C04F79EFBC}") = "stockAnalyzer.Tests", "stockAnalyzer.Tests\stockAnalyzer.Tests.csproj", "{E73E42A3-4B4D-49C0-854B-56961B9A4331}"
EndProject
Global
	GlobalSection(SolutionConfigurationPlatforms) = preSolution
		Debug|Any CPU = Debug|Any CPU
		Release|Any CPU = Release|Any CPU
	EndGlobalSection
	GlobalSection(ProjectConfigurationPlatforms) = postSolution
		{CDFF803D-79DB-4A1B-BD0C-506F764E59E7}.Debug|Any CPU.ActiveCfg = Debug|Any CPU
		{CDFF803D-79DB-4A1B-BD0C-506F764E59E7}.Debug|Any CPU.Build.0 = Debug|Any CPU
		{CDFF803D-79DB-4A1B-BD0C-506F764E59E7}.Release|Any CPU.ActiveCfg = Release|Any CPU
		{CDFF803D-79DB-4A1B-BD0C-506F764E59E7}.Release|Any CPU.Build.0 = Release|Any CPU
		{4AEAF6D0-E1D1-4957-BFEF-F9A4E0C580CA}.Debug|Any CPU.ActiveCfg = Debug|Any CPU
		{4AEAF6D0-E1D1-4957-BFEF-F9A4E0C580CA}.Debug|Any CPU.Build.0 = Debug|Any CPU
		{4AEAF6D0-E1D1-4957-BFEF-F9A4E0C580CA}.Release|Any CPU.ActiveCfg = Release|Any CPU
		{4AEAF6D0-E1D1-4957-BFEF-F9A4E0C580CA}.Release|Any CPU.Build.0 = Release|Any CPU
		{E73E42A3-4B4D-49C0-854B-56961B9A4331}.Debug|Any CPU.ActiveCfg = Debug|Any CPU
		{E73E42A3-4B4D-49C0-854B-56961B9A4331}.Debug|Any CPU.Build.0 = Debug|Any CPU
		{E73E42A3-4B4D-49C0-854B-56961B9A4331}.Release|Any CPU.ActiveCfg = Release|Any CPU
		{E73E42A3-4B4D-49C0-854B-56961B9A4331}.Release|Any CPU.Build.0 = Release|Any CPU
	EndGlobalSection
	GlobalSection(SolutionProperties) = preSolution
		HideSolutionNode = FALSE
	EndGlobalSection
	GlobalSection(ExtensibilityGlobals) = postSolution
		SolutionGuid = {5A37A27B-D395-4F3A-A9BC-56255E39D33C}
	EndGlobalSection
EndGlobal
