
Microsoft Visual Studio Solution File, Format Version 12.00
# Visual Studio Version 17
VisualStudioVersion = 17.0.32014.148
MinimumVisualStudioVersion = 10.0.40219.1
Project("{FAE04EC0-301F-11D3-BF4B-00C04F79EFBC}") = "stockAnalyzer", "stockAnalyzer\stockAnalyzer.csproj", "{B1AA96ED-055E-4F6C-BD9F-A9E95EAD6BF7}"
EndProject
Global
	GlobalSection(SolutionConfigurationPlatforms) = preSolution
		Debug|Any CPU = Debug|Any CPU
		Release|Any CPU = Release|Any CPU
	EndGlobalSection
	GlobalSection(ProjectConfigurationPlatforms) = postSolution
		{B1AA96ED-055E-4F6C-BD9F-A9E95EAD6BF7}.Debug|Any CPU.ActiveCfg = Debug|Any CPU
		{B1AA96ED-055E-4F6C-BD9F-A9E95EAD6BF7}.Debug|Any CPU.Build.0 = Debug|Any CPU
		{B1AA96ED-055E-4F6C-BD9F-A9E95EAD6BF7}.Release|Any CPU.ActiveCfg = Release|Any CPU
		{B1AA96ED-055E-4F6C-BD9F-A9E95EAD6BF7}.Release|Any CPU.Build.0 = Release|Any CPU
	EndGlobalSection
	GlobalSection(SolutionProperties) = preSolution
		HideSolutionNode = FALSE
	EndGlobalSection
	GlobalSection(ExtensibilityGlobals) = postSolution
		SolutionGuid = {5A37A27B-D395-4F3A-A9BC-56255E39D33C}
	EndGlobalSection
EndGlobal
